// !$*UTF8*$!
{
	archiveVersion = 1;
	classes = {
	};
	objectVersion = 50;
	objects = {

/* Begin PBXBuildFile section */
		170F94B726FC420200E3E5B3 /* LoginViewController.swift in Sources */ = {isa = PBXBuildFile; fileRef = 170F94B626FC420200E3E5B3 /* LoginViewController.swift */; };
		174E116426FA2A7F00A5C809 /* Login.storyboard in Resources */ = {isa = PBXBuildFile; fileRef = 174E116326FA2A7F00A5C809 /* Login.storyboard */; };
		175D9F5D26F5CF91003EA468 /* Misc.storyboard in Resources */ = {isa = PBXBuildFile; fileRef = 175D9F5C26F5CF91003EA468 /* Misc.storyboard */; };
		175D9F5F26F5CF9F003EA468 /* MiscViewController.swift in Sources */ = {isa = PBXBuildFile; fileRef = 175D9F5E26F5CF9F003EA468 /* MiscViewController.swift */; };
		175D9F6126F5CFB4003EA468 /* MainViewController.swift in Sources */ = {isa = PBXBuildFile; fileRef = 175D9F6026F5CFB4003EA468 /* MainViewController.swift */; };
		175D9F6326F5CFC1003EA468 /* Person.storyboard in Resources */ = {isa = PBXBuildFile; fileRef = 175D9F6226F5CFC1003EA468 /* Person.storyboard */; };
		175D9F6526F5CFD0003EA468 /* PersonViewController.swift in Sources */ = {isa = PBXBuildFile; fileRef = 175D9F6426F5CFD0003EA468 /* PersonViewController.swift */; };
		175D9F6726F5CFD8003EA468 /* Settings.storyboard in Resources */ = {isa = PBXBuildFile; fileRef = 175D9F6626F5CFD8003EA468 /* Settings.storyboard */; };
		175D9F6926F5CFE4003EA468 /* SettingsViewController.swift in Sources */ = {isa = PBXBuildFile; fileRef = 175D9F6826F5CFE4003EA468 /* SettingsViewController.swift */; };
		175DCA4626FAED17003024B0 /* CommonButton.swift in Sources */ = {isa = PBXBuildFile; fileRef = 175DCA4526FAED17003024B0 /* CommonButton.swift */; };
		1761C19426F7866D00D4EC1B /* NavigationStyle.swift in Sources */ = {isa = PBXBuildFile; fileRef = 1761C19326F7866D00D4EC1B /* NavigationStyle.swift */; };
		1761C19626F7872900D4EC1B /* NavigationItem.swift in Sources */ = {isa = PBXBuildFile; fileRef = 1761C19526F7872900D4EC1B /* NavigationItem.swift */; };
		1761C19826F787B300D4EC1B /* Coordinator.swift in Sources */ = {isa = PBXBuildFile; fileRef = 1761C19726F787B300D4EC1B /* Coordinator.swift */; };
		1761C19B26F7A01700D4EC1B /* Constants.swift in Sources */ = {isa = PBXBuildFile; fileRef = 1761C19A26F7A01700D4EC1B /* Constants.swift */; };
		1761C19D26F7A1EE00D4EC1B /* CustomTabBarController.swift in Sources */ = {isa = PBXBuildFile; fileRef = 1761C19C26F7A1EE00D4EC1B /* CustomTabBarController.swift */; };
		1761C19F26F7A57F00D4EC1B /* TabNavigationMenu.swift in Sources */ = {isa = PBXBuildFile; fileRef = 1761C19E26F7A57F00D4EC1B /* TabNavigationMenu.swift */; };
		176251E226FE1CB5003C052B /* NetworkClient.swift in Sources */ = {isa = PBXBuildFile; fileRef = 176251E126FE1CB5003C052B /* NetworkClient.swift */; };
		176251E426FE26AC003C052B /* LoginResponse.swift in Sources */ = {isa = PBXBuildFile; fileRef = 176251E326FE26AC003C052B /* LoginResponse.swift */; };
		176286C026F7277F00DE9AA2 /* TabBarItem.swift in Sources */ = {isa = PBXBuildFile; fileRef = 176286BF26F7277F00DE9AA2 /* TabBarItem.swift */; };
		176286C226F728BF00DE9AA2 /* StoryboardType.swift in Sources */ = {isa = PBXBuildFile; fileRef = 176286C126F728BF00DE9AA2 /* StoryboardType.swift */; };
		176286C426F729C700DE9AA2 /* MainTabType.swift in Sources */ = {isa = PBXBuildFile; fileRef = 176286C326F729C700DE9AA2 /* MainTabType.swift */; };
		176286C626F72B5900DE9AA2 /* PageType.swift in Sources */ = {isa = PBXBuildFile; fileRef = 176286C526F72B5900DE9AA2 /* PageType.swift */; };
		17661C3126FA4E69004F8EAC /* MaterialTextFieldView.swift in Sources */ = {isa = PBXBuildFile; fileRef = 17661C3026FA4E69004F8EAC /* MaterialTextFieldView.swift */; };
		17661C3426FA4EE2004F8EAC /* NoBordersTextField.swift in Sources */ = {isa = PBXBuildFile; fileRef = 17661C3326FA4EE2004F8EAC /* NoBordersTextField.swift */; };
		178729A926F9490200ABB3F2 /* UIViewExtension.swift in Sources */ = {isa = PBXBuildFile; fileRef = 178729A826F9490200ABB3F2 /* UIViewExtension.swift */; };
		17AECC9526F517FB0032D96C /* AppDelegate.swift in Sources */ = {isa = PBXBuildFile; fileRef = 17AECC9426F517FB0032D96C /* AppDelegate.swift */; };
		17AECC9726F517FB0032D96C /* SceneDelegate.swift in Sources */ = {isa = PBXBuildFile; fileRef = 17AECC9626F517FB0032D96C /* SceneDelegate.swift */; };
		17AECC9C26F517FB0032D96C /* Main.storyboard in Resources */ = {isa = PBXBuildFile; fileRef = 17AECC9A26F517FB0032D96C /* Main.storyboard */; };
		17AECC9E26F517FC0032D96C /* Assets.xcassets in Resources */ = {isa = PBXBuildFile; fileRef = 17AECC9D26F517FC0032D96C /* Assets.xcassets */; };
		17AECCA126F517FC0032D96C /* LaunchScreen.storyboard in Resources */ = {isa = PBXBuildFile; fileRef = 17AECC9F26F517FC0032D96C /* LaunchScreen.storyboard */; };
		17AECCAF26F519A10032D96C /* TabBar.storyboard in Resources */ = {isa = PBXBuildFile; fileRef = 17AECCAE26F519A10032D96C /* TabBar.storyboard */; };
		17AECCB626F51C530032D96C /* Bookshelf.storyboard in Resources */ = {isa = PBXBuildFile; fileRef = 17AECCB526F51C530032D96C /* Bookshelf.storyboard */; };
		17AECCB826F51C690032D96C /* BookshelfViewController.swift in Sources */ = {isa = PBXBuildFile; fileRef = 17AECCB726F51C690032D96C /* BookshelfViewController.swift */; };
/* End PBXBuildFile section */

/* Begin PBXFileReference section */
		170F94B626FC420200E3E5B3 /* LoginViewController.swift */ = {isa = PBXFileReference; lastKnownFileType = sourcecode.swift; path = LoginViewController.swift; sourceTree = "<group>"; };
		174E116326FA2A7F00A5C809 /* Login.storyboard */ = {isa = PBXFileReference; lastKnownFileType = file.storyboard; path = Login.storyboard; sourceTree = "<group>"; };
		175D9F5C26F5CF91003EA468 /* Misc.storyboard */ = {isa = PBXFileReference; lastKnownFileType = file.storyboard; path = Misc.storyboard; sourceTree = "<group>"; };
		175D9F5E26F5CF9F003EA468 /* MiscViewController.swift */ = {isa = PBXFileReference; lastKnownFileType = sourcecode.swift; path = MiscViewController.swift; sourceTree = "<group>"; };
		175D9F6026F5CFB4003EA468 /* MainViewController.swift */ = {isa = PBXFileReference; lastKnownFileType = sourcecode.swift; path = MainViewController.swift; sourceTree = "<group>"; };
		175D9F6226F5CFC1003EA468 /* Person.storyboard */ = {isa = PBXFileReference; lastKnownFileType = file.storyboard; path = Person.storyboard; sourceTree = "<group>"; };
		175D9F6426F5CFD0003EA468 /* PersonViewController.swift */ = {isa = PBXFileReference; lastKnownFileType = sourcecode.swift; path = PersonViewController.swift; sourceTree = "<group>"; };
		175D9F6626F5CFD8003EA468 /* Settings.storyboard */ = {isa = PBXFileReference; lastKnownFileType = file.storyboard; path = Settings.storyboard; sourceTree = "<group>"; };
		175D9F6826F5CFE4003EA468 /* SettingsViewController.swift */ = {isa = PBXFileReference; lastKnownFileType = sourcecode.swift; path = SettingsViewController.swift; sourceTree = "<group>"; };
		175DCA4526FAED17003024B0 /* CommonButton.swift */ = {isa = PBXFileReference; lastKnownFileType = sourcecode.swift; path = CommonButton.swift; sourceTree = "<group>"; };
		1761C19326F7866D00D4EC1B /* NavigationStyle.swift */ = {isa = PBXFileReference; lastKnownFileType = sourcecode.swift; path = NavigationStyle.swift; sourceTree = "<group>"; };
		1761C19526F7872900D4EC1B /* NavigationItem.swift */ = {isa = PBXFileReference; lastKnownFileType = sourcecode.swift; path = NavigationItem.swift; sourceTree = "<group>"; };
		1761C19726F787B300D4EC1B /* Coordinator.swift */ = {isa = PBXFileReference; lastKnownFileType = sourcecode.swift; path = Coordinator.swift; sourceTree = "<group>"; };
		1761C19A26F7A01700D4EC1B /* Constants.swift */ = {isa = PBXFileReference; lastKnownFileType = sourcecode.swift; path = Constants.swift; sourceTree = "<group>"; };
		1761C19C26F7A1EE00D4EC1B /* CustomTabBarController.swift */ = {isa = PBXFileReference; lastKnownFileType = sourcecode.swift; path = CustomTabBarController.swift; sourceTree = "<group>"; };
		1761C19E26F7A57F00D4EC1B /* TabNavigationMenu.swift */ = {isa = PBXFileReference; lastKnownFileType = sourcecode.swift; path = TabNavigationMenu.swift; sourceTree = "<group>"; };
		176251E126FE1CB5003C052B /* NetworkClient.swift */ = {isa = PBXFileReference; lastKnownFileType = sourcecode.swift; path = NetworkClient.swift; sourceTree = "<group>"; };
		176251E326FE26AC003C052B /* LoginResponse.swift */ = {isa = PBXFileReference; lastKnownFileType = sourcecode.swift; path = LoginResponse.swift; sourceTree = "<group>"; };
		176286BF26F7277F00DE9AA2 /* TabBarItem.swift */ = {isa = PBXFileReference; lastKnownFileType = sourcecode.swift; path = TabBarItem.swift; sourceTree = "<group>"; };
		176286C126F728BF00DE9AA2 /* StoryboardType.swift */ = {isa = PBXFileReference; lastKnownFileType = sourcecode.swift; path = StoryboardType.swift; sourceTree = "<group>"; };
		176286C326F729C700DE9AA2 /* MainTabType.swift */ = {isa = PBXFileReference; lastKnownFileType = sourcecode.swift; path = MainTabType.swift; sourceTree = "<group>"; };
		176286C526F72B5900DE9AA2 /* PageType.swift */ = {isa = PBXFileReference; lastKnownFileType = sourcecode.swift; path = PageType.swift; sourceTree = "<group>"; };
		17661C3026FA4E69004F8EAC /* MaterialTextFieldView.swift */ = {isa = PBXFileReference; lastKnownFileType = sourcecode.swift; path = MaterialTextFieldView.swift; sourceTree = "<group>"; };
		17661C3326FA4EE2004F8EAC /* NoBordersTextField.swift */ = {isa = PBXFileReference; lastKnownFileType = sourcecode.swift; path = NoBordersTextField.swift; sourceTree = "<group>"; };
		178729A826F9490200ABB3F2 /* UIViewExtension.swift */ = {isa = PBXFileReference; lastKnownFileType = sourcecode.swift; path = UIViewExtension.swift; sourceTree = "<group>"; };
		17AECC9126F517FB0032D96C /* MobileProjectDemo.app */ = {isa = PBXFileReference; explicitFileType = wrapper.application; includeInIndex = 0; path = MobileProjectDemo.app; sourceTree = BUILT_PRODUCTS_DIR; };
		17AECC9426F517FB0032D96C /* AppDelegate.swift */ = {isa = PBXFileReference; lastKnownFileType = sourcecode.swift; path = AppDelegate.swift; sourceTree = "<group>"; };
		17AECC9626F517FB0032D96C /* SceneDelegate.swift */ = {isa = PBXFileReference; lastKnownFileType = sourcecode.swift; path = SceneDelegate.swift; sourceTree = "<group>"; };
		17AECC9B26F517FB0032D96C /* Base */ = {isa = PBXFileReference; lastKnownFileType = file.storyboard; name = Base; path = Base.lproj/Main.storyboard; sourceTree = "<group>"; };
		17AECC9D26F517FC0032D96C /* Assets.xcassets */ = {isa = PBXFileReference; lastKnownFileType = folder.assetcatalog; path = Assets.xcassets; sourceTree = "<group>"; };
		17AECCA026F517FC0032D96C /* Base */ = {isa = PBXFileReference; lastKnownFileType = file.storyboard; name = Base; path = Base.lproj/LaunchScreen.storyboard; sourceTree = "<group>"; };
		17AECCA226F517FC0032D96C /* Info.plist */ = {isa = PBXFileReference; lastKnownFileType = text.plist.xml; path = Info.plist; sourceTree = "<group>"; };
		17AECCAE26F519A10032D96C /* TabBar.storyboard */ = {isa = PBXFileReference; lastKnownFileType = file.storyboard; path = TabBar.storyboard; sourceTree = "<group>"; };
		17AECCB526F51C530032D96C /* Bookshelf.storyboard */ = {isa = PBXFileReference; lastKnownFileType = file.storyboard; path = Bookshelf.storyboard; sourceTree = "<group>"; };
		17AECCB726F51C690032D96C /* BookshelfViewController.swift */ = {isa = PBXFileReference; lastKnownFileType = sourcecode.swift; path = BookshelfViewController.swift; sourceTree = "<group>"; };
/* End PBXFileReference section */

/* Begin PBXFrameworksBuildPhase section */
		17AECC8E26F517FB0032D96C /* Frameworks */ = {
			isa = PBXFrameworksBuildPhase;
			buildActionMask = 2147483647;
			files = (
			);
			runOnlyForDeploymentPostprocessing = 0;
		};
/* End PBXFrameworksBuildPhase section */

/* Begin PBXGroup section */
		174E116226FA2A6900A5C809 /* Login */ = {
			isa = PBXGroup;
			children = (
				174E116326FA2A7F00A5C809 /* Login.storyboard */,
				170F94B626FC420200E3E5B3 /* LoginViewController.swift */,
			);
			path = Login;
			sourceTree = "<group>";
		};
		175D9F6A26F5D255003EA468 /* Managers */ = {
			isa = PBXGroup;
			children = (
				1761C19726F787B300D4EC1B /* Coordinator.swift */,
				176251E126FE1CB5003C052B /* NetworkClient.swift */,
			);
			path = Managers;
			sourceTree = "<group>";
		};
		17661C3226FA4E87004F8EAC /* SharedViews */ = {
			isa = PBXGroup;
			children = (
				17661C3026FA4E69004F8EAC /* MaterialTextFieldView.swift */,
				17661C3326FA4EE2004F8EAC /* NoBordersTextField.swift */,
				175DCA4526FAED17003024B0 /* CommonButton.swift */,
			);
			path = SharedViews;
			sourceTree = "<group>";
		};
		178729A526F9487F00ABB3F2 /* Extensions */ = {
			isa = PBXGroup;
			children = (
				178729A826F9490200ABB3F2 /* UIViewExtension.swift */,
			);
			path = Extensions;
			sourceTree = "<group>";
		};
		17AECC8826F517FB0032D96C = {
			isa = PBXGroup;
			children = (
				17AECC9326F517FB0032D96C /* MobileProjectDemo */,
				17AECC9226F517FB0032D96C /* Products */,
			);
			sourceTree = "<group>";
		};
		17AECC9226F517FB0032D96C /* Products */ = {
			isa = PBXGroup;
			children = (
				17AECC9126F517FB0032D96C /* MobileProjectDemo.app */,
			);
			name = Products;
			sourceTree = "<group>";
		};
		17AECC9326F517FB0032D96C /* MobileProjectDemo */ = {
			isa = PBXGroup;
			children = (
				17661C3226FA4E87004F8EAC /* SharedViews */,
				178729A526F9487F00ABB3F2 /* Extensions */,
				175D9F6A26F5D255003EA468 /* Managers */,
				17AECCAB26F5192A0032D96C /* Pages */,
				17AECCAA26F519220032D96C /* Enums */,
				17AECCA926F519160032D96C /* Models */,
				17AECCA826F518CF0032D96C /* Resources */,
			);
			path = MobileProjectDemo;
			sourceTree = "<group>";
		};
		17AECCA826F518CF0032D96C /* Resources */ = {
			isa = PBXGroup;
			children = (
				17AECC9D26F517FC0032D96C /* Assets.xcassets */,
				17AECC9426F517FB0032D96C /* AppDelegate.swift */,
				17AECC9626F517FB0032D96C /* SceneDelegate.swift */,
				17AECCA226F517FC0032D96C /* Info.plist */,
				1761C19A26F7A01700D4EC1B /* Constants.swift */,
			);
			path = Resources;
			sourceTree = "<group>";
		};
		17AECCA926F519160032D96C /* Models */ = {
			isa = PBXGroup;
			children = (
				1761C19526F7872900D4EC1B /* NavigationItem.swift */,
				176251E326FE26AC003C052B /* LoginResponse.swift */,
			);
			path = Models;
			sourceTree = "<group>";
		};
		17AECCAA26F519220032D96C /* Enums */ = {
			isa = PBXGroup;
			children = (
				176286C126F728BF00DE9AA2 /* StoryboardType.swift */,
				176286C326F729C700DE9AA2 /* MainTabType.swift */,
				176286C526F72B5900DE9AA2 /* PageType.swift */,
				1761C19326F7866D00D4EC1B /* NavigationStyle.swift */,
			);
			path = Enums;
			sourceTree = "<group>";
		};
		17AECCAB26F5192A0032D96C /* Pages */ = {
			isa = PBXGroup;
			children = (
				174E116226FA2A6900A5C809 /* Login */,
				17AECCB426F51BD50032D96C /* Settings */,
				17AECCB326F51BCF0032D96C /* Person */,
				17AECCB226F51BC90032D96C /* Main */,
				17AECCB126F51BC40032D96C /* Misc */,
				17AECCB026F51B720032D96C /* Bookshelf */,
				17AECCAD26F5198F0032D96C /* Tab Bar */,
				17AECCAC26F5193A0032D96C /* Launch Screen */,
			);
			path = Pages;
			sourceTree = "<group>";
		};
		17AECCAC26F5193A0032D96C /* Launch Screen */ = {
			isa = PBXGroup;
			children = (
				17AECC9F26F517FC0032D96C /* LaunchScreen.storyboard */,
			);
			path = "Launch Screen";
			sourceTree = "<group>";
		};
		17AECCAD26F5198F0032D96C /* Tab Bar */ = {
			isa = PBXGroup;
			children = (
				17AECCAE26F519A10032D96C /* TabBar.storyboard */,
				176286BF26F7277F00DE9AA2 /* TabBarItem.swift */,
				1761C19C26F7A1EE00D4EC1B /* CustomTabBarController.swift */,
				1761C19E26F7A57F00D4EC1B /* TabNavigationMenu.swift */,
			);
			path = "Tab Bar";
			sourceTree = "<group>";
		};
		17AECCB026F51B720032D96C /* Bookshelf */ = {
			isa = PBXGroup;
			children = (
				17AECCB526F51C530032D96C /* Bookshelf.storyboard */,
				17AECCB726F51C690032D96C /* BookshelfViewController.swift */,
			);
			path = Bookshelf;
			sourceTree = "<group>";
		};
		17AECCB126F51BC40032D96C /* Misc */ = {
			isa = PBXGroup;
			children = (
				175D9F5C26F5CF91003EA468 /* Misc.storyboard */,
				175D9F5E26F5CF9F003EA468 /* MiscViewController.swift */,
			);
			path = Misc;
			sourceTree = "<group>";
		};
		17AECCB226F51BC90032D96C /* Main */ = {
			isa = PBXGroup;
			children = (
				17AECC9A26F517FB0032D96C /* Main.storyboard */,
				175D9F6026F5CFB4003EA468 /* MainViewController.swift */,
			);
			path = Main;
			sourceTree = "<group>";
		};
		17AECCB326F51BCF0032D96C /* Person */ = {
			isa = PBXGroup;
			children = (
				175D9F6226F5CFC1003EA468 /* Person.storyboard */,
				175D9F6426F5CFD0003EA468 /* PersonViewController.swift */,
			);
			path = Person;
			sourceTree = "<group>";
		};
		17AECCB426F51BD50032D96C /* Settings */ = {
			isa = PBXGroup;
			children = (
				175D9F6626F5CFD8003EA468 /* Settings.storyboard */,
				175D9F6826F5CFE4003EA468 /* SettingsViewController.swift */,
			);
			path = Settings;
			sourceTree = "<group>";
		};
/* End PBXGroup section */

/* Begin PBXNativeTarget section */
		17AECC9026F517FB0032D96C /* MobileProjectDemo */ = {
			isa = PBXNativeTarget;
			buildConfigurationList = 17AECCA526F517FC0032D96C /* Build configuration list for PBXNativeTarget "MobileProjectDemo" */;
			buildPhases = (
				17AECC8D26F517FB0032D96C /* Sources */,
				17AECC8E26F517FB0032D96C /* Frameworks */,
				17AECC8F26F517FB0032D96C /* Resources */,
			);
			buildRules = (
			);
			dependencies = (
			);
			name = MobileProjectDemo;
			productName = MobileProjectDemo;
			productReference = 17AECC9126F517FB0032D96C /* MobileProjectDemo.app */;
			productType = "com.apple.product-type.application";
		};
/* End PBXNativeTarget section */

/* Begin PBXProject section */
		17AECC8926F517FB0032D96C /* Project object */ = {
			isa = PBXProject;
			attributes = {
				LastSwiftUpdateCheck = 1250;
				LastUpgradeCheck = 1250;
				TargetAttributes = {
					17AECC9026F517FB0032D96C = {
						CreatedOnToolsVersion = 12.5.1;
					};
				};
			};
			buildConfigurationList = 17AECC8C26F517FB0032D96C /* Build configuration list for PBXProject "MobileProjectDemo" */;
			compatibilityVersion = "Xcode 9.3";
			developmentRegion = en;
			hasScannedForEncodings = 0;
			knownRegions = (
				en,
				Base,
			);
			mainGroup = 17AECC8826F517FB0032D96C;
			productRefGroup = 17AECC9226F517FB0032D96C /* Products */;
			projectDirPath = "";
			projectRoot = "";
			targets = (
				17AECC9026F517FB0032D96C /* MobileProjectDemo */,
			);
		};
/* End PBXProject section */

/* Begin PBXResourcesBuildPhase section */
		17AECC8F26F517FB0032D96C /* Resources */ = {
			isa = PBXResourcesBuildPhase;
			buildActionMask = 2147483647;
			files = (
				175D9F5D26F5CF91003EA468 /* Misc.storyboard in Resources */,
				17AECCAF26F519A10032D96C /* TabBar.storyboard in Resources */,
				17AECCA126F517FC0032D96C /* LaunchScreen.storyboard in Resources */,
				175D9F6726F5CFD8003EA468 /* Settings.storyboard in Resources */,
				175D9F6326F5CFC1003EA468 /* Person.storyboard in Resources */,
				17AECCB626F51C530032D96C /* Bookshelf.storyboard in Resources */,
				17AECC9E26F517FC0032D96C /* Assets.xcassets in Resources */,
				17AECC9C26F517FB0032D96C /* Main.storyboard in Resources */,
				174E116426FA2A7F00A5C809 /* Login.storyboard in Resources */,
			);
			runOnlyForDeploymentPostprocessing = 0;
		};
/* End PBXResourcesBuildPhase section */

/* Begin PBXSourcesBuildPhase section */
		17AECC8D26F517FB0032D96C /* Sources */ = {
			isa = PBXSourcesBuildPhase;
			buildActionMask = 2147483647;
			files = (
				176286C226F728BF00DE9AA2 /* StoryboardType.swift in Sources */,
				1761C19F26F7A57F00D4EC1B /* TabNavigationMenu.swift in Sources */,
				1761C19426F7866D00D4EC1B /* NavigationStyle.swift in Sources */,
				1761C19D26F7A1EE00D4EC1B /* CustomTabBarController.swift in Sources */,
				17AECCB826F51C690032D96C /* BookshelfViewController.swift in Sources */,
				17AECC9526F517FB0032D96C /* AppDelegate.swift in Sources */,
				175D9F6126F5CFB4003EA468 /* MainViewController.swift in Sources */,
				175DCA4626FAED17003024B0 /* CommonButton.swift in Sources */,
				1761C19B26F7A01700D4EC1B /* Constants.swift in Sources */,
				17AECC9726F517FB0032D96C /* SceneDelegate.swift in Sources */,
				170F94B726FC420200E3E5B3 /* LoginViewController.swift in Sources */,
				1761C19826F787B300D4EC1B /* Coordinator.swift in Sources */,
				175D9F5F26F5CF9F003EA468 /* MiscViewController.swift in Sources */,
				175D9F6526F5CFD0003EA468 /* PersonViewController.swift in Sources */,
				176251E426FE26AC003C052B /* LoginResponse.swift in Sources */,
				178729A926F9490200ABB3F2 /* UIViewExtension.swift in Sources */,
				176286C026F7277F00DE9AA2 /* TabBarItem.swift in Sources */,
				17661C3426FA4EE2004F8EAC /* NoBordersTextField.swift in Sources */,
				17661C3126FA4E69004F8EAC /* MaterialTextFieldView.swift in Sources */,
				176286C426F729C700DE9AA2 /* MainTabType.swift in Sources */,
				176286C626F72B5900DE9AA2 /* PageType.swift in Sources */,
				1761C19626F7872900D4EC1B /* NavigationItem.swift in Sources */,
				176251E226FE1CB5003C052B /* NetworkClient.swift in Sources */,
				175D9F6926F5CFE4003EA468 /* SettingsViewController.swift in Sources */,
			);
			runOnlyForDeploymentPostprocessing = 0;
		};
/* End PBXSourcesBuildPhase section */

/* Begin PBXVariantGroup section */
		17AECC9A26F517FB0032D96C /* Main.storyboard */ = {
			isa = PBXVariantGroup;
			children = (
				17AECC9B26F517FB0032D96C /* Base */,
			);
			name = Main.storyboard;
			sourceTree = "<group>";
		};
		17AECC9F26F517FC0032D96C /* LaunchScreen.storyboard */ = {
			isa = PBXVariantGroup;
			children = (
				17AECCA026F517FC0032D96C /* Base */,
			);
			name = LaunchScreen.storyboard;
			sourceTree = "<group>";
		};
/* End PBXVariantGroup section */

/* Begin XCBuildConfiguration section */
		17AECCA326F517FC0032D96C /* Debug */ = {
			isa = XCBuildConfiguration;
			buildSettings = {
				ALWAYS_SEARCH_USER_PATHS = NO;
				CLANG_ANALYZER_NONNULL = YES;
				CLANG_ANALYZER_NUMBER_OBJECT_CONVERSION = YES_AGGRESSIVE;
				CLANG_CXX_LANGUAGE_STANDARD = "gnu++14";
				CLANG_CXX_LIBRARY = "libc++";
				CLANG_ENABLE_MODULES = YES;
				CLANG_ENABLE_OBJC_ARC = YES;
				CLANG_ENABLE_OBJC_WEAK = YES;
				CLANG_WARN_BLOCK_CAPTURE_AUTORELEASING = YES;
				CLANG_WARN_BOOL_CONVERSION = YES;
				CLANG_WARN_COMMA = YES;
				CLANG_WARN_CONSTANT_CONVERSION = YES;
				CLANG_WARN_DEPRECATED_OBJC_IMPLEMENTATIONS = YES;
				CLANG_WARN_DIRECT_OBJC_ISA_USAGE = YES_ERROR;
				CLANG_WARN_DOCUMENTATION_COMMENTS = YES;
				CLANG_WARN_EMPTY_BODY = YES;
				CLANG_WARN_ENUM_CONVERSION = YES;
				CLANG_WARN_INFINITE_RECURSION = YES;
				CLANG_WARN_INT_CONVERSION = YES;
				CLANG_WARN_NON_LITERAL_NULL_CONVERSION = YES;
				CLANG_WARN_OBJC_IMPLICIT_RETAIN_SELF = YES;
				CLANG_WARN_OBJC_LITERAL_CONVERSION = YES;
				CLANG_WARN_OBJC_ROOT_CLASS = YES_ERROR;
				CLANG_WARN_QUOTED_INCLUDE_IN_FRAMEWORK_HEADER = YES;
				CLANG_WARN_RANGE_LOOP_ANALYSIS = YES;
				CLANG_WARN_STRICT_PROTOTYPES = YES;
				CLANG_WARN_SUSPICIOUS_MOVE = YES;
				CLANG_WARN_UNGUARDED_AVAILABILITY = YES_AGGRESSIVE;
				CLANG_WARN_UNREACHABLE_CODE = YES;
				CLANG_WARN__DUPLICATE_METHOD_MATCH = YES;
				COPY_PHASE_STRIP = NO;
				DEBUG_INFORMATION_FORMAT = dwarf;
				ENABLE_STRICT_OBJC_MSGSEND = YES;
				ENABLE_TESTABILITY = YES;
				GCC_C_LANGUAGE_STANDARD = gnu11;
				GCC_DYNAMIC_NO_PIC = NO;
				GCC_NO_COMMON_BLOCKS = YES;
				GCC_OPTIMIZATION_LEVEL = 0;
				GCC_PREPROCESSOR_DEFINITIONS = (
					"DEBUG=1",
					"$(inherited)",
				);
				GCC_WARN_64_TO_32_BIT_CONVERSION = YES;
				GCC_WARN_ABOUT_RETURN_TYPE = YES_ERROR;
				GCC_WARN_UNDECLARED_SELECTOR = YES;
				GCC_WARN_UNINITIALIZED_AUTOS = YES_AGGRESSIVE;
				GCC_WARN_UNUSED_FUNCTION = YES;
				GCC_WARN_UNUSED_VARIABLE = YES;
				IPHONEOS_DEPLOYMENT_TARGET = 14.5;
				MTL_ENABLE_DEBUG_INFO = INCLUDE_SOURCE;
				MTL_FAST_MATH = YES;
				ONLY_ACTIVE_ARCH = YES;
				SDKROOT = iphoneos;
				SWIFT_ACTIVE_COMPILATION_CONDITIONS = DEBUG;
				SWIFT_OPTIMIZATION_LEVEL = "-Onone";
			};
			name = Debug;
		};
		17AECCA426F517FC0032D96C /* Release */ = {
			isa = XCBuildConfiguration;
			buildSettings = {
				ALWAYS_SEARCH_USER_PATHS = NO;
				CLANG_ANALYZER_NONNULL = YES;
				CLANG_ANALYZER_NUMBER_OBJECT_CONVERSION = YES_AGGRESSIVE;
				CLANG_CXX_LANGUAGE_STANDARD = "gnu++14";
				CLANG_CXX_LIBRARY = "libc++";
				CLANG_ENABLE_MODULES = YES;
				CLANG_ENABLE_OBJC_ARC = YES;
				CLANG_ENABLE_OBJC_WEAK = YES;
				CLANG_WARN_BLOCK_CAPTURE_AUTORELEASING = YES;
				CLANG_WARN_BOOL_CONVERSION = YES;
				CLANG_WARN_COMMA = YES;
				CLANG_WARN_CONSTANT_CONVERSION = YES;
				CLANG_WARN_DEPRECATED_OBJC_IMPLEMENTATIONS = YES;
				CLANG_WARN_DIRECT_OBJC_ISA_USAGE = YES_ERROR;
				CLANG_WARN_DOCUMENTATION_COMMENTS = YES;
				CLANG_WARN_EMPTY_BODY = YES;
				CLANG_WARN_ENUM_CONVERSION = YES;
				CLANG_WARN_INFINITE_RECURSION = YES;
				CLANG_WARN_INT_CONVERSION = YES;
				CLANG_WARN_NON_LITERAL_NULL_CONVERSION = YES;
				CLANG_WARN_OBJC_IMPLICIT_RETAIN_SELF = YES;
				CLANG_WARN_OBJC_LITERAL_CONVERSION = YES;
				CLANG_WARN_OBJC_ROOT_CLASS = YES_ERROR;
				CLANG_WARN_QUOTED_INCLUDE_IN_FRAMEWORK_HEADER = YES;
				CLANG_WARN_RANGE_LOOP_ANALYSIS = YES;
				CLANG_WARN_STRICT_PROTOTYPES = YES;
				CLANG_WARN_SUSPICIOUS_MOVE = YES;
				CLANG_WARN_UNGUARDED_AVAILABILITY = YES_AGGRESSIVE;
				CLANG_WARN_UNREACHABLE_CODE = YES;
				CLANG_WARN__DUPLICATE_METHOD_MATCH = YES;
				COPY_PHASE_STRIP = NO;
				DEBUG_INFORMATION_FORMAT = "dwarf-with-dsym";
				ENABLE_NS_ASSERTIONS = NO;
				ENABLE_STRICT_OBJC_MSGSEND = YES;
				GCC_C_LANGUAGE_STANDARD = gnu11;
				GCC_NO_COMMON_BLOCKS = YES;
				GCC_WARN_64_TO_32_BIT_CONVERSION = YES;
				GCC_WARN_ABOUT_RETURN_TYPE = YES_ERROR;
				GCC_WARN_UNDECLARED_SELECTOR = YES;
				GCC_WARN_UNINITIALIZED_AUTOS = YES_AGGRESSIVE;
				GCC_WARN_UNUSED_FUNCTION = YES;
				GCC_WARN_UNUSED_VARIABLE = YES;
				IPHONEOS_DEPLOYMENT_TARGET = 14.5;
				MTL_ENABLE_DEBUG_INFO = NO;
				MTL_FAST_MATH = YES;
				SDKROOT = iphoneos;
				SWIFT_COMPILATION_MODE = wholemodule;
				SWIFT_OPTIMIZATION_LEVEL = "-O";
				VALIDATE_PRODUCT = YES;
			};
			name = Release;
		};
		17AECCA626F517FC0032D96C /* Debug */ = {
			isa = XCBuildConfiguration;
			buildSettings = {
				ASSETCATALOG_COMPILER_APPICON_NAME = AppIcon;
				ASSETCATALOG_COMPILER_GLOBAL_ACCENT_COLOR_NAME = AccentColor;
				CODE_SIGN_STYLE = Automatic;
				DEVELOPMENT_TEAM = 7X48R5E6LJ;
				INFOPLIST_FILE = "$(SRCROOT)/MobileProjectDemo/Resources/Info.plist";
				LD_RUNPATH_SEARCH_PATHS = (
					"$(inherited)",
					"@executable_path/Frameworks",
				);
				PRODUCT_BUNDLE_IDENTIFIER = com.napps.MobileProjectDemo;
				PRODUCT_NAME = "$(TARGET_NAME)";
				SWIFT_VERSION = 5.0;
				TARGETED_DEVICE_FAMILY = "1,2";
			};
			name = Debug;
		};
		17AECCA726F517FC0032D96C /* Release */ = {
			isa = XCBuildConfiguration;
			buildSettings = {
				ASSETCATALOG_COMPILER_APPICON_NAME = AppIcon;
				ASSETCATALOG_COMPILER_GLOBAL_ACCENT_COLOR_NAME = AccentColor;
				CODE_SIGN_STYLE = Automatic;
				DEVELOPMENT_TEAM = 7X48R5E6LJ;
				INFOPLIST_FILE = "$(SRCROOT)/MobileProjectDemo/Resources/Info.plist";
				LD_RUNPATH_SEARCH_PATHS = (
					"$(inherited)",
					"@executable_path/Frameworks",
				);
				PRODUCT_BUNDLE_IDENTIFIER = com.napps.MobileProjectDemo;
				PRODUCT_NAME = "$(TARGET_NAME)";
				SWIFT_VERSION = 5.0;
				TARGETED_DEVICE_FAMILY = "1,2";
			};
			name = Release;
		};
/* End XCBuildConfiguration section */

/* Begin XCConfigurationList section */
		17AECC8C26F517FB0032D96C /* Build configuration list for PBXProject "MobileProjectDemo" */ = {
			isa = XCConfigurationList;
			buildConfigurations = (
				17AECCA326F517FC0032D96C /* Debug */,
				17AECCA426F517FC0032D96C /* Release */,
			);
			defaultConfigurationIsVisible = 0;
			defaultConfigurationName = Release;
		};
		17AECCA526F517FC0032D96C /* Build configuration list for PBXNativeTarget "MobileProjectDemo" */ = {
			isa = XCConfigurationList;
			buildConfigurations = (
				17AECCA626F517FC0032D96C /* Debug */,
				17AECCA726F517FC0032D96C /* Release */,
			);
			defaultConfigurationIsVisible = 0;
			defaultConfigurationName = Release;
		};
/* End XCConfigurationList section */
	};
	rootObject = 17AECC8926F517FB0032D96C /* Project object */;
}
